// !$*UTF8*$!
{
	archiveVersion = 1;
	classes = {
	};
	objectVersion = 50;
	objects = {

/* Begin PBXBuildFile section */
		3728CE7623C3159600737362 /* AppDelegate.m in Sources */ = {isa = PBXBuildFile; fileRef = 3728CE7523C3159600737362 /* AppDelegate.m */; };
		3728CE7923C3159600737362 /* ViewController.m in Sources */ = {isa = PBXBuildFile; fileRef = 3728CE7823C3159600737362 /* ViewController.m */; };
		3728CE7C23C3159600737362 /* Main.storyboard in Resources */ = {isa = PBXBuildFile; fileRef = 3728CE7A23C3159600737362 /* Main.storyboard */; };
		3728CE7E23C3159B00737362 /* Assets.xcassets in Resources */ = {isa = PBXBuildFile; fileRef = 3728CE7D23C3159B00737362 /* Assets.xcassets */; };
		3728CE8123C3159B00737362 /* LaunchScreen.storyboard in Resources */ = {isa = PBXBuildFile; fileRef = 3728CE7F23C3159B00737362 /* LaunchScreen.storyboard */; };
		3728CE8423C3159B00737362 /* main.m in Sources */ = {isa = PBXBuildFile; fileRef = 3728CE8323C3159B00737362 /* main.m */; };
		3728CE8D23C317CA00737362 /* TUIKitResource.bundle in Resources */ = {isa = PBXBuildFile; fileRef = 3728CE8B23C317CA00737362 /* TUIKitResource.bundle */; };
		3728CE8E23C317CA00737362 /* TUIKitFace.bundle in Resources */ = {isa = PBXBuildFile; fileRef = 3728CE8C23C317CA00737362 /* TUIKitFace.bundle */; };
		3728CE9423C317E700737362 /* README.md in Resources */ = {isa = PBXBuildFile; fileRef = 3728CE9223C317E700737362 /* README.md */; };
		3728CE9523C317E700737362 /* UIView+MMLayout.m in Sources */ = {isa = PBXBuildFile; fileRef = 3728CE9323C317E700737362 /* UIView+MMLayout.m */; };
		3728CE9D23C3192200737362 /* ContactController.m in Sources */ = {isa = PBXBuildFile; fileRef = 3728CE9C23C3192200737362 /* ContactController.m */; };
		3728CEA023C3193100737362 /* ConversationController.m in Sources */ = {isa = PBXBuildFile; fileRef = 3728CE9F23C3193100737362 /* ConversationController.m */; };
		3728CEA323C3193F00737362 /* LoginController.m in Sources */ = {isa = PBXBuildFile; fileRef = 3728CEA223C3193F00737362 /* LoginController.m */; };
		3728CEA623C3194D00737362 /* SettingController.m in Sources */ = {isa = PBXBuildFile; fileRef = 3728CEA523C3194D00737362 /* SettingController.m */; };
		3728CEAD23C320F800737362 /* Common.m in Sources */ = {isa = PBXBuildFile; fileRef = 3728CEAC23C320F800737362 /* Common.m */; };
		37C814D723CBFD19009564AA /* DUITestTextCell.m in Sources */ = {isa = PBXBuildFile; fileRef = 37C814D623CBFD19009564AA /* DUITestTextCell.m */; };
		7A0DFB9423EE670B0055A5A9 /* DUIGroupMemberCell.m in Sources */ = {isa = PBXBuildFile; fileRef = 7A0DFB9323EE670B0055A5A9 /* DUIGroupMemberCell.m */; };
		7A0DFB9723EFB58A0055A5A9 /* DUIMessageController.m in Sources */ = {isa = PBXBuildFile; fileRef = 7A0DFB9623EFB58A0055A5A9 /* DUIMessageController.m */; };
		7A0DFB9A23EFB5AB0055A5A9 /* DUIInputController.m in Sources */ = {isa = PBXBuildFile; fileRef = 7A0DFB9923EFB5AB0055A5A9 /* DUIInputController.m */; };
		7A0DFB9D23F011300055A5A9 /* NSDate+TUIKIT.m in Sources */ = {isa = PBXBuildFile; fileRef = 7A0DFB9B23F011300055A5A9 /* NSDate+TUIKIT.m */; };
		7A0DFBA023F01D510055A5A9 /* DIMMessage.m in Sources */ = {isa = PBXBuildFile; fileRef = 7A0DFB9F23F01D510055A5A9 /* DIMMessage.m */; };
		7A0DFBA323F01F770055A5A9 /* DIMConversation.m in Sources */ = {isa = PBXBuildFile; fileRef = 7A0DFBA223F01F770055A5A9 /* DIMConversation.m */; };
		7A443CD223E05A5E00C4D740 /* DUINavigationIndicatorView.m in Sources */ = {isa = PBXBuildFile; fileRef = 7A443CD123E05A5E00C4D740 /* DUINavigationIndicatorView.m */; };
		7A443CD523E074B400C4D740 /* TNaviBarIndicatorView.m in Sources */ = {isa = PBXBuildFile; fileRef = 7A443CD423E074B300C4D740 /* TNaviBarIndicatorView.m */; };
		7A443CD823E29D7C00C4D740 /* DUIPopView.m in Sources */ = {isa = PBXBuildFile; fileRef = 7A443CD723E29D7C00C4D740 /* DUIPopView.m */; };
		7AB4DA4C23E577F70087E1E6 /* DUIContactListController.m in Sources */ = {isa = PBXBuildFile; fileRef = 7AB4DA4B23E577F70087E1E6 /* DUIContactListController.m */; };
		7AB4DA4F23E5786C0087E1E6 /* DContactListViewModel.m in Sources */ = {isa = PBXBuildFile; fileRef = 7AB4DA4E23E5786C0087E1E6 /* DContactListViewModel.m */; };
		7AB4DA5223E578E90087E1E6 /* DUIContactCell.m in Sources */ = {isa = PBXBuildFile; fileRef = 7AB4DA5123E578E90087E1E6 /* DUIContactCell.m */; };
		7AB4DA5523E588040087E1E6 /* DUIContactActionCell.m in Sources */ = {isa = PBXBuildFile; fileRef = 7AB4DA5423E588040087E1E6 /* DUIContactActionCell.m */; };
		7AD283C423EA997700893CC9 /* DServiceManager.m in Sources */ = {isa = PBXBuildFile; fileRef = 7AD283C323EA997700893CC9 /* DServiceManager.m */; };
		7AD283CC23EADA2300893CC9 /* DUIGroupListController.m in Sources */ = {isa = PBXBuildFile; fileRef = 7AD283CB23EADA2300893CC9 /* DUIGroupListController.m */; };
		7AD283D223EBA3F700893CC9 /* FriendProfileController.m in Sources */ = {isa = PBXBuildFile; fileRef = 7AD283D123EBA3F700893CC9 /* FriendProfileController.m */; };
		7AD283D523EBA9D200893CC9 /* DUITextCell.m in Sources */ = {isa = PBXBuildFile; fileRef = 7AD283D423EBA9D200893CC9 /* DUITextCell.m */; };
		7AD283D823EBAA2200893CC9 /* DUISwitchCell.m in Sources */ = {isa = PBXBuildFile; fileRef = 7AD283D723EBAA2200893CC9 /* DUISwitchCell.m */; };
		7AD283DB23ED6CB800893CC9 /* DUIChatController.m in Sources */ = {isa = PBXBuildFile; fileRef = 7AD283DA23ED6CB800893CC9 /* DUIChatController.m */; };
		7AD283E423ED794900893CC9 /* ChatController.m in Sources */ = {isa = PBXBuildFile; fileRef = 7AD283E323ED794900893CC9 /* ChatController.m */; };
		7AD283E723ED7C7200893CC9 /* DUIMessageCell.m in Sources */ = {isa = PBXBuildFile; fileRef = 7AD283E623ED7C7200893CC9 /* DUIMessageCell.m */; };
		7AD283ED23ED807E00893CC9 /* DUIMessageCellLayout.m in Sources */ = {isa = PBXBuildFile; fileRef = 7AD283EC23ED807E00893CC9 /* DUIMessageCellLayout.m */; };
		7AD283F023EE5D0F00893CC9 /* GroupProfileController.m in Sources */ = {isa = PBXBuildFile; fileRef = 7AD283EF23EE5D0F00893CC9 /* GroupProfileController.m */; };
		7AF23D9B23DD8FA400C0D8DA /* DUIProfileCardCell.m in Sources */ = {isa = PBXBuildFile; fileRef = 7AF23D9A23DD8FA400C0D8DA /* DUIProfileCardCell.m */; };
		7AF23D9E23DEE5ED00C0D8DA /* DUIConversationListController.m in Sources */ = {isa = PBXBuildFile; fileRef = 7AF23D9D23DEE5ED00C0D8DA /* DUIConversationListController.m */; };
		7AF23DA123DEEB4700C0D8DA /* DConversationListViewModel.m in Sources */ = {isa = PBXBuildFile; fileRef = 7AF23DA023DEEB4700C0D8DA /* DConversationListViewModel.m */; };
		7AF23DA423DEED4400C0D8DA /* DUIConversationCell.m in Sources */ = {isa = PBXBuildFile; fileRef = 7AF23DA323DEED4400C0D8DA /* DUIConversationCell.m */; };
		7AF23DA723DEF03800C0D8DA /* DCommon.m in Sources */ = {isa = PBXBuildFile; fileRef = 7AF23DA623DEF03800C0D8DA /* DCommon.m */; };
		7AF23DAA23DEFD1D00C0D8DA /* DUIUnreadView.m in Sources */ = {isa = PBXBuildFile; fileRef = 7AF23DA923DEFD1D00C0D8DA /* DUIUnreadView.m */; };
		7AF9B54A23CB55C900EDB8F2 /* DUICommonCell.m in Sources */ = {isa = PBXBuildFile; fileRef = 7AF9B54923CB55C900EDB8F2 /* DUICommonCell.m */; };
		7AF9B54E23CB66DA00EDB8F2 /* DUIButtonCell.m in Sources */ = {isa = PBXBuildFile; fileRef = 7AF9B54D23CB66DA00EDB8F2 /* DUIButtonCell.m */; };
/* End PBXBuildFile section */

/* Begin PBXFileReference section */
		3728CE7123C3159600737362 /* ImSdkDemo.app */ = {isa = PBXFileReference; explicitFileType = wrapper.application; includeInIndex = 0; path = ImSdkDemo.app; sourceTree = BUILT_PRODUCTS_DIR; };
		3728CE7423C3159600737362 /* AppDelegate.h */ = {isa = PBXFileReference; fileEncoding = 4; lastKnownFileType = sourcecode.c.h; path = AppDelegate.h; sourceTree = "<group>"; };
		3728CE7523C3159600737362 /* AppDelegate.m */ = {isa = PBXFileReference; fileEncoding = 4; lastKnownFileType = sourcecode.c.objc; path = AppDelegate.m; sourceTree = "<group>"; };
		3728CE7723C3159600737362 /* ViewController.h */ = {isa = PBXFileReference; fileEncoding = 4; lastKnownFileType = sourcecode.c.h; path = ViewController.h; sourceTree = "<group>"; };
		3728CE7823C3159600737362 /* ViewController.m */ = {isa = PBXFileReference; fileEncoding = 4; lastKnownFileType = sourcecode.c.objc; path = ViewController.m; sourceTree = "<group>"; };
		3728CE7B23C3159600737362 /* Base */ = {isa = PBXFileReference; lastKnownFileType = file.storyboard; name = Base; path = Base.lproj/Main.storyboard; sourceTree = "<group>"; };
		3728CE7D23C3159B00737362 /* Assets.xcassets */ = {isa = PBXFileReference; lastKnownFileType = folder.assetcatalog; path = Assets.xcassets; sourceTree = "<group>"; };
		3728CE8023C3159B00737362 /* Base */ = {isa = PBXFileReference; lastKnownFileType = file.storyboard; name = Base; path = Base.lproj/LaunchScreen.storyboard; sourceTree = "<group>"; };
		3728CE8223C3159B00737362 /* Info.plist */ = {isa = PBXFileReference; lastKnownFileType = text.plist.xml; path = Info.plist; sourceTree = "<group>"; };
		3728CE8323C3159B00737362 /* main.m */ = {isa = PBXFileReference; lastKnownFileType = sourcecode.c.objc; path = main.m; sourceTree = "<group>"; };
		3728CE8B23C317CA00737362 /* TUIKitResource.bundle */ = {isa = PBXFileReference; lastKnownFileType = "wrapper.plug-in"; path = TUIKitResource.bundle; sourceTree = "<group>"; };
		3728CE8C23C317CA00737362 /* TUIKitFace.bundle */ = {isa = PBXFileReference; lastKnownFileType = "wrapper.plug-in"; path = TUIKitFace.bundle; sourceTree = "<group>"; };
		3728CE9123C317E700737362 /* UIView+MMLayout.h */ = {isa = PBXFileReference; fileEncoding = 4; lastKnownFileType = sourcecode.c.h; path = "UIView+MMLayout.h"; sourceTree = "<group>"; };
		3728CE9223C317E700737362 /* README.md */ = {isa = PBXFileReference; fileEncoding = 4; lastKnownFileType = net.daringfireball.markdown; path = README.md; sourceTree = "<group>"; };
		3728CE9323C317E700737362 /* UIView+MMLayout.m */ = {isa = PBXFileReference; fileEncoding = 4; lastKnownFileType = sourcecode.c.objc; path = "UIView+MMLayout.m"; sourceTree = "<group>"; };
		3728CE9B23C3192200737362 /* ContactController.h */ = {isa = PBXFileReference; fileEncoding = 4; lastKnownFileType = sourcecode.c.h; path = ContactController.h; sourceTree = "<group>"; };
		3728CE9C23C3192200737362 /* ContactController.m */ = {isa = PBXFileReference; fileEncoding = 4; lastKnownFileType = sourcecode.c.objc; path = ContactController.m; sourceTree = "<group>"; };
		3728CE9E23C3193100737362 /* ConversationController.h */ = {isa = PBXFileReference; fileEncoding = 4; lastKnownFileType = sourcecode.c.h; path = ConversationController.h; sourceTree = "<group>"; };
		3728CE9F23C3193100737362 /* ConversationController.m */ = {isa = PBXFileReference; fileEncoding = 4; lastKnownFileType = sourcecode.c.objc; path = ConversationController.m; sourceTree = "<group>"; };
		3728CEA123C3193F00737362 /* LoginController.h */ = {isa = PBXFileReference; fileEncoding = 4; lastKnownFileType = sourcecode.c.h; path = LoginController.h; sourceTree = "<group>"; };
		3728CEA223C3193F00737362 /* LoginController.m */ = {isa = PBXFileReference; fileEncoding = 4; lastKnownFileType = sourcecode.c.objc; path = LoginController.m; sourceTree = "<group>"; };
		3728CEA423C3194D00737362 /* SettingController.h */ = {isa = PBXFileReference; fileEncoding = 4; lastKnownFileType = sourcecode.c.h; path = SettingController.h; sourceTree = "<group>"; };
		3728CEA523C3194D00737362 /* SettingController.m */ = {isa = PBXFileReference; fileEncoding = 4; lastKnownFileType = sourcecode.c.objc; path = SettingController.m; sourceTree = "<group>"; };
		3728CEAB23C320F800737362 /* Common.h */ = {isa = PBXFileReference; fileEncoding = 4; lastKnownFileType = sourcecode.c.h; path = Common.h; sourceTree = "<group>"; };
		3728CEAC23C320F800737362 /* Common.m */ = {isa = PBXFileReference; fileEncoding = 4; lastKnownFileType = sourcecode.c.objc; path = Common.m; sourceTree = "<group>"; };
		37C814D523CBFD19009564AA /* DUITestTextCell.h */ = {isa = PBXFileReference; fileEncoding = 4; lastKnownFileType = sourcecode.c.h; path = DUITestTextCell.h; sourceTree = "<group>"; };
		37C814D623CBFD19009564AA /* DUITestTextCell.m */ = {isa = PBXFileReference; fileEncoding = 4; lastKnownFileType = sourcecode.c.objc; path = DUITestTextCell.m; sourceTree = "<group>"; };
		7A0DFB9223EE670B0055A5A9 /* DUIGroupMemberCell.h */ = {isa = PBXFileReference; fileEncoding = 4; lastKnownFileType = sourcecode.c.h; path = DUIGroupMemberCell.h; sourceTree = "<group>"; };
		7A0DFB9323EE670B0055A5A9 /* DUIGroupMemberCell.m */ = {isa = PBXFileReference; fileEncoding = 4; lastKnownFileType = sourcecode.c.objc; path = DUIGroupMemberCell.m; sourceTree = "<group>"; };
		7A0DFB9523EFB58A0055A5A9 /* DUIMessageController.h */ = {isa = PBXFileReference; fileEncoding = 4; lastKnownFileType = sourcecode.c.h; path = DUIMessageController.h; sourceTree = "<group>"; };
		7A0DFB9623EFB58A0055A5A9 /* DUIMessageController.m */ = {isa = PBXFileReference; fileEncoding = 4; lastKnownFileType = sourcecode.c.objc; path = DUIMessageController.m; sourceTree = "<group>"; };
		7A0DFB9823EFB5AB0055A5A9 /* DUIInputController.h */ = {isa = PBXFileReference; fileEncoding = 4; lastKnownFileType = sourcecode.c.h; path = DUIInputController.h; sourceTree = "<group>"; };
		7A0DFB9923EFB5AB0055A5A9 /* DUIInputController.m */ = {isa = PBXFileReference; fileEncoding = 4; lastKnownFileType = sourcecode.c.objc; path = DUIInputController.m; sourceTree = "<group>"; };
		7A0DFB9B23F011300055A5A9 /* NSDate+TUIKIT.m */ = {isa = PBXFileReference; fileEncoding = 4; lastKnownFileType = sourcecode.c.objc; path = "NSDate+TUIKIT.m"; sourceTree = "<group>"; };
		7A0DFB9C23F011300055A5A9 /* NSDate+TUIKIT.h */ = {isa = PBXFileReference; fileEncoding = 4; lastKnownFileType = sourcecode.c.h; path = "NSDate+TUIKIT.h"; sourceTree = "<group>"; };
		7A0DFB9E23F01D510055A5A9 /* DIMMessage.h */ = {isa = PBXFileReference; lastKnownFileType = sourcecode.c.h; path = DIMMessage.h; sourceTree = "<group>"; };
		7A0DFB9F23F01D510055A5A9 /* DIMMessage.m */ = {isa = PBXFileReference; lastKnownFileType = sourcecode.c.objc; path = DIMMessage.m; sourceTree = "<group>"; };
		7A0DFBA123F01F770055A5A9 /* DIMConversation.h */ = {isa = PBXFileReference; lastKnownFileType = sourcecode.c.h; path = DIMConversation.h; sourceTree = "<group>"; };
		7A0DFBA223F01F770055A5A9 /* DIMConversation.m */ = {isa = PBXFileReference; lastKnownFileType = sourcecode.c.objc; path = DIMConversation.m; sourceTree = "<group>"; };
		7A443CD023E05A5E00C4D740 /* DUINavigationIndicatorView.h */ = {isa = PBXFileReference; fileEncoding = 4; lastKnownFileType = sourcecode.c.h; path = DUINavigationIndicatorView.h; sourceTree = "<group>"; };
		7A443CD123E05A5E00C4D740 /* DUINavigationIndicatorView.m */ = {isa = PBXFileReference; fileEncoding = 4; lastKnownFileType = sourcecode.c.objc; path = DUINavigationIndicatorView.m; sourceTree = "<group>"; };
		7A443CD323E074B300C4D740 /* TNaviBarIndicatorView.h */ = {isa = PBXFileReference; fileEncoding = 4; lastKnownFileType = sourcecode.c.h; path = TNaviBarIndicatorView.h; sourceTree = "<group>"; };
		7A443CD423E074B300C4D740 /* TNaviBarIndicatorView.m */ = {isa = PBXFileReference; fileEncoding = 4; lastKnownFileType = sourcecode.c.objc; path = TNaviBarIndicatorView.m; sourceTree = "<group>"; };
		7A443CD623E29D7C00C4D740 /* DUIPopView.h */ = {isa = PBXFileReference; fileEncoding = 4; lastKnownFileType = sourcecode.c.h; path = DUIPopView.h; sourceTree = "<group>"; };
		7A443CD723E29D7C00C4D740 /* DUIPopView.m */ = {isa = PBXFileReference; fileEncoding = 4; lastKnownFileType = sourcecode.c.objc; path = DUIPopView.m; sourceTree = "<group>"; };
		7AB4DA4A23E577F70087E1E6 /* DUIContactListController.h */ = {isa = PBXFileReference; fileEncoding = 4; lastKnownFileType = sourcecode.c.h; path = DUIContactListController.h; sourceTree = "<group>"; };
		7AB4DA4B23E577F70087E1E6 /* DUIContactListController.m */ = {isa = PBXFileReference; fileEncoding = 4; lastKnownFileType = sourcecode.c.objc; path = DUIContactListController.m; sourceTree = "<group>"; };
		7AB4DA4D23E5786C0087E1E6 /* DContactListViewModel.h */ = {isa = PBXFileReference; fileEncoding = 4; lastKnownFileType = sourcecode.c.h; path = DContactListViewModel.h; sourceTree = "<group>"; };
		7AB4DA4E23E5786C0087E1E6 /* DContactListViewModel.m */ = {isa = PBXFileReference; fileEncoding = 4; lastKnownFileType = sourcecode.c.objc; path = DContactListViewModel.m; sourceTree = "<group>"; };
		7AB4DA5023E578E90087E1E6 /* DUIContactCell.h */ = {isa = PBXFileReference; fileEncoding = 4; lastKnownFileType = sourcecode.c.h; path = DUIContactCell.h; sourceTree = "<group>"; };
		7AB4DA5123E578E90087E1E6 /* DUIContactCell.m */ = {isa = PBXFileReference; fileEncoding = 4; lastKnownFileType = sourcecode.c.objc; path = DUIContactCell.m; sourceTree = "<group>"; };
		7AB4DA5323E588040087E1E6 /* DUIContactActionCell.h */ = {isa = PBXFileReference; fileEncoding = 4; lastKnownFileType = sourcecode.c.h; path = DUIContactActionCell.h; sourceTree = "<group>"; };
		7AB4DA5423E588040087E1E6 /* DUIContactActionCell.m */ = {isa = PBXFileReference; fileEncoding = 4; lastKnownFileType = sourcecode.c.objc; path = DUIContactActionCell.m; sourceTree = "<group>"; };
		7AD283C223EA997700893CC9 /* DServiceManager.h */ = {isa = PBXFileReference; fileEncoding = 4; lastKnownFileType = sourcecode.c.h; path = DServiceManager.h; sourceTree = "<group>"; };
		7AD283C323EA997700893CC9 /* DServiceManager.m */ = {isa = PBXFileReference; fileEncoding = 4; lastKnownFileType = sourcecode.c.objc; path = DServiceManager.m; sourceTree = "<group>"; };
		7AD283C523EABF4000893CC9 /* DServiceProtocol.h */ = {isa = PBXFileReference; fileEncoding = 4; lastKnownFileType = sourcecode.c.h; path = DServiceProtocol.h; sourceTree = "<group>"; };
		7AD283C923EAC5CB00893CC9 /* DFriendProfileControllerServiceProtocol.h */ = {isa = PBXFileReference; fileEncoding = 4; lastKnownFileType = sourcecode.c.h; path = DFriendProfileControllerServiceProtocol.h; sourceTree = "<group>"; };
		7AD283CA23EADA2200893CC9 /* DUIGroupListController.h */ = {isa = PBXFileReference; fileEncoding = 4; lastKnownFileType = sourcecode.c.h; path = DUIGroupListController.h; sourceTree = "<group>"; };
		7AD283CB23EADA2300893CC9 /* DUIGroupListController.m */ = {isa = PBXFileReference; fileEncoding = 4; lastKnownFileType = sourcecode.c.objc; path = DUIGroupListController.m; sourceTree = "<group>"; };
		7AD283D023EBA3F700893CC9 /* FriendProfileController.h */ = {isa = PBXFileReference; fileEncoding = 4; lastKnownFileType = sourcecode.c.h; path = FriendProfileController.h; sourceTree = "<group>"; };
		7AD283D123EBA3F700893CC9 /* FriendProfileController.m */ = {isa = PBXFileReference; fileEncoding = 4; lastKnownFileType = sourcecode.c.objc; path = FriendProfileController.m; sourceTree = "<group>"; };
		7AD283D323EBA9D200893CC9 /* DUITextCell.h */ = {isa = PBXFileReference; fileEncoding = 4; lastKnownFileType = sourcecode.c.h; path = DUITextCell.h; sourceTree = "<group>"; };
		7AD283D423EBA9D200893CC9 /* DUITextCell.m */ = {isa = PBXFileReference; fileEncoding = 4; lastKnownFileType = sourcecode.c.objc; path = DUITextCell.m; sourceTree = "<group>"; };
		7AD283D623EBAA2200893CC9 /* DUISwitchCell.h */ = {isa = PBXFileReference; fileEncoding = 4; lastKnownFileType = sourcecode.c.h; path = DUISwitchCell.h; sourceTree = "<group>"; };
		7AD283D723EBAA2200893CC9 /* DUISwitchCell.m */ = {isa = PBXFileReference; fileEncoding = 4; lastKnownFileType = sourcecode.c.objc; path = DUISwitchCell.m; sourceTree = "<group>"; };
		7AD283D923ED6CB800893CC9 /* DUIChatController.h */ = {isa = PBXFileReference; fileEncoding = 4; lastKnownFileType = sourcecode.c.h; path = DUIChatController.h; sourceTree = "<group>"; };
		7AD283DA23ED6CB800893CC9 /* DUIChatController.m */ = {isa = PBXFileReference; fileEncoding = 4; lastKnownFileType = sourcecode.c.objc; path = DUIChatController.m; sourceTree = "<group>"; };
		7AD283E223ED794900893CC9 /* ChatController.h */ = {isa = PBXFileReference; fileEncoding = 4; lastKnownFileType = sourcecode.c.h; path = ChatController.h; sourceTree = "<group>"; };
		7AD283E323ED794900893CC9 /* ChatController.m */ = {isa = PBXFileReference; fileEncoding = 4; lastKnownFileType = sourcecode.c.objc; path = ChatController.m; sourceTree = "<group>"; };
		7AD283E523ED7C7200893CC9 /* DUIMessageCell.h */ = {isa = PBXFileReference; fileEncoding = 4; lastKnownFileType = sourcecode.c.h; path = DUIMessageCell.h; sourceTree = "<group>"; };
		7AD283E623ED7C7200893CC9 /* DUIMessageCell.m */ = {isa = PBXFileReference; fileEncoding = 4; lastKnownFileType = sourcecode.c.objc; path = DUIMessageCell.m; sourceTree = "<group>"; };
		7AD283EB23ED807E00893CC9 /* DUIMessageCellLayout.h */ = {isa = PBXFileReference; fileEncoding = 4; lastKnownFileType = sourcecode.c.h; path = DUIMessageCellLayout.h; sourceTree = "<group>"; };
		7AD283EC23ED807E00893CC9 /* DUIMessageCellLayout.m */ = {isa = PBXFileReference; fileEncoding = 4; lastKnownFileType = sourcecode.c.objc; path = DUIMessageCellLayout.m; sourceTree = "<group>"; };
		7AD283EE23EE5D0F00893CC9 /* GroupProfileController.h */ = {isa = PBXFileReference; fileEncoding = 4; lastKnownFileType = sourcecode.c.h; path = GroupProfileController.h; sourceTree = "<group>"; };
		7AD283EF23EE5D0F00893CC9 /* GroupProfileController.m */ = {isa = PBXFileReference; fileEncoding = 4; lastKnownFileType = sourcecode.c.objc; path = GroupProfileController.m; sourceTree = "<group>"; };
		7AD283F223EE5DBA00893CC9 /* DGroupProfileControllerServiceProtocol.h */ = {isa = PBXFileReference; lastKnownFileType = sourcecode.c.h; path = DGroupProfileControllerServiceProtocol.h; sourceTree = "<group>"; };
		7AF23D9923DD8FA400C0D8DA /* DUIProfileCardCell.h */ = {isa = PBXFileReference; fileEncoding = 4; lastKnownFileType = sourcecode.c.h; path = DUIProfileCardCell.h; sourceTree = "<group>"; };
		7AF23D9A23DD8FA400C0D8DA /* DUIProfileCardCell.m */ = {isa = PBXFileReference; fileEncoding = 4; lastKnownFileType = sourcecode.c.objc; path = DUIProfileCardCell.m; sourceTree = "<group>"; };
		7AF23D9C23DEE5ED00C0D8DA /* DUIConversationListController.h */ = {isa = PBXFileReference; fileEncoding = 4; lastKnownFileType = sourcecode.c.h; path = DUIConversationListController.h; sourceTree = "<group>"; };
		7AF23D9D23DEE5ED00C0D8DA /* DUIConversationListController.m */ = {isa = PBXFileReference; fileEncoding = 4; lastKnownFileType = sourcecode.c.objc; path = DUIConversationListController.m; sourceTree = "<group>"; };
		7AF23D9F23DEEB4700C0D8DA /* DConversationListViewModel.h */ = {isa = PBXFileReference; fileEncoding = 4; lastKnownFileType = sourcecode.c.h; path = DConversationListViewModel.h; sourceTree = "<group>"; };
		7AF23DA023DEEB4700C0D8DA /* DConversationListViewModel.m */ = {isa = PBXFileReference; fileEncoding = 4; lastKnownFileType = sourcecode.c.objc; path = DConversationListViewModel.m; sourceTree = "<group>"; };
		7AF23DA223DEED4400C0D8DA /* DUIConversationCell.h */ = {isa = PBXFileReference; fileEncoding = 4; lastKnownFileType = sourcecode.c.h; path = DUIConversationCell.h; sourceTree = "<group>"; };
		7AF23DA323DEED4400C0D8DA /* DUIConversationCell.m */ = {isa = PBXFileReference; fileEncoding = 4; lastKnownFileType = sourcecode.c.objc; path = DUIConversationCell.m; sourceTree = "<group>"; };
		7AF23DA523DEF03800C0D8DA /* DCommon.h */ = {isa = PBXFileReference; fileEncoding = 4; lastKnownFileType = sourcecode.c.h; path = DCommon.h; sourceTree = "<group>"; };
		7AF23DA623DEF03800C0D8DA /* DCommon.m */ = {isa = PBXFileReference; fileEncoding = 4; lastKnownFileType = sourcecode.c.objc; path = DCommon.m; sourceTree = "<group>"; };
		7AF23DA823DEFD1D00C0D8DA /* DUIUnreadView.h */ = {isa = PBXFileReference; fileEncoding = 4; lastKnownFileType = sourcecode.c.h; path = DUIUnreadView.h; sourceTree = "<group>"; };
		7AF23DA923DEFD1D00C0D8DA /* DUIUnreadView.m */ = {isa = PBXFileReference; fileEncoding = 4; lastKnownFileType = sourcecode.c.objc; path = DUIUnreadView.m; sourceTree = "<group>"; };
		7AF9B54823CB55C900EDB8F2 /* DUICommonCell.h */ = {isa = PBXFileReference; fileEncoding = 4; lastKnownFileType = sourcecode.c.h; path = DUICommonCell.h; sourceTree = "<group>"; };
		7AF9B54923CB55C900EDB8F2 /* DUICommonCell.m */ = {isa = PBXFileReference; fileEncoding = 4; lastKnownFileType = sourcecode.c.objc; path = DUICommonCell.m; sourceTree = "<group>"; };
		7AF9B54B23CB5F0F00EDB8F2 /* DHeader.h */ = {isa = PBXFileReference; fileEncoding = 4; lastKnownFileType = sourcecode.c.h; path = DHeader.h; sourceTree = "<group>"; };
		7AF9B54C23CB66DA00EDB8F2 /* DUIButtonCell.h */ = {isa = PBXFileReference; fileEncoding = 4; lastKnownFileType = sourcecode.c.h; path = DUIButtonCell.h; sourceTree = "<group>"; };
		7AF9B54D23CB66DA00EDB8F2 /* DUIButtonCell.m */ = {isa = PBXFileReference; fileEncoding = 4; lastKnownFileType = sourcecode.c.objc; path = DUIButtonCell.m; sourceTree = "<group>"; };
/* End PBXFileReference section */

/* Begin PBXFrameworksBuildPhase section */
		3728CE6E23C3159600737362 /* Frameworks */ = {
			isa = PBXFrameworksBuildPhase;
			buildActionMask = 2147483647;
			files = (
			);
			runOnlyForDeploymentPostprocessing = 0;
		};
/* End PBXFrameworksBuildPhase section */

/* Begin PBXGroup section */
		3728CE6823C3159500737362 = {
			isa = PBXGroup;
			children = (
				3728CE8F23C317CE00737362 /* Thirds */,
				3728CE8A23C317CA00737362 /* Resources */,
				3728CE7323C3159600737362 /* ImSdkDemo */,
				3728CE7223C3159600737362 /* Products */,
			);
			sourceTree = "<group>";
		};
		3728CE7223C3159600737362 /* Products */ = {
			isa = PBXGroup;
			children = (
				3728CE7123C3159600737362 /* ImSdkDemo.app */,
			);
			name = Products;
			sourceTree = "<group>";
		};
		3728CE7323C3159600737362 /* ImSdkDemo */ = {
			isa = PBXGroup;
			children = (
				3728CE7423C3159600737362 /* AppDelegate.h */,
				3728CE7523C3159600737362 /* AppDelegate.m */,
				3728CE7D23C3159B00737362 /* Assets.xcassets */,
				7AD283E123ED792F00893CC9 /* Chat */,
				3728CEA723C320BA00737362 /* Common */,
				3728CE9723C318C200737362 /* Contact */,
				3728CE9623C3189600737362 /* Conversation */,
				3728CE8223C3159B00737362 /* Info.plist */,
				7AD283F123EE5D3000893CC9 /* information */,
				3728CE7F23C3159B00737362 /* LaunchScreen.storyboard */,
				3728CE9A23C318E700737362 /* Login */,
				3728CE8323C3159B00737362 /* main.m */,
				3728CE7A23C3159600737362 /* Main.storyboard */,
				3728CE9823C318D000737362 /* Setting */,
				3728CE7723C3159600737362 /* ViewController.h */,
				3728CE7823C3159600737362 /* ViewController.m */,
			);
			path = ImSdkDemo;
			sourceTree = "<group>";
		};
		3728CE8A23C317CA00737362 /* Resources */ = {
			isa = PBXGroup;
			children = (
				3728CE8B23C317CA00737362 /* TUIKitResource.bundle */,
				3728CE8C23C317CA00737362 /* TUIKitFace.bundle */,
			);
			path = Resources;
			sourceTree = "<group>";
		};
		3728CE8F23C317CE00737362 /* Thirds */ = {
			isa = PBXGroup;
			children = (
				7AF9B54723CB54F900EDB8F2 /* DUIKit */,
				7AF9B54623CB4C4300EDB8F2 /* TUIKit */,
			);
			path = Thirds;
			sourceTree = "<group>";
		};
		3728CE9023C317E700737362 /* MMLayout */ = {
			isa = PBXGroup;
			children = (
				3728CE9223C317E700737362 /* README.md */,
				3728CE9123C317E700737362 /* UIView+MMLayout.h */,
				3728CE9323C317E700737362 /* UIView+MMLayout.m */,
			);
			path = MMLayout;
			sourceTree = "<group>";
		};
		3728CE9623C3189600737362 /* Conversation */ = {
			isa = PBXGroup;
			children = (
				3728CE9E23C3193100737362 /* ConversationController.h */,
				3728CE9F23C3193100737362 /* ConversationController.m */,
			);
			path = Conversation;
			sourceTree = "<group>";
		};
		3728CE9723C318C200737362 /* Contact */ = {
			isa = PBXGroup;
			children = (
				3728CE9B23C3192200737362 /* ContactController.h */,
				3728CE9C23C3192200737362 /* ContactController.m */,
			);
			path = Contact;
			sourceTree = "<group>";
		};
		3728CE9823C318D000737362 /* Setting */ = {
			isa = PBXGroup;
			children = (
				3728CEA423C3194D00737362 /* SettingController.h */,
				3728CEA523C3194D00737362 /* SettingController.m */,
			);
			path = Setting;
			sourceTree = "<group>";
		};
		3728CE9A23C318E700737362 /* Login */ = {
			isa = PBXGroup;
			children = (
				3728CEA123C3193F00737362 /* LoginController.h */,
				3728CEA223C3193F00737362 /* LoginController.m */,
			);
			path = Login;
			sourceTree = "<group>";
		};
		3728CEA723C320BA00737362 /* Common */ = {
			isa = PBXGroup;
			children = (
				3728CEAB23C320F800737362 /* Common.h */,
				3728CEAC23C320F800737362 /* Common.m */,
			);
			path = Common;
			sourceTree = "<group>";
		};
		7AD283E123ED792F00893CC9 /* Chat */ = {
			isa = PBXGroup;
			children = (
				7AD283E223ED794900893CC9 /* ChatController.h */,
				7AD283E323ED794900893CC9 /* ChatController.m */,
			);
			path = Chat;
			sourceTree = "<group>";
		};
		7AD283F123EE5D3000893CC9 /* information */ = {
			isa = PBXGroup;
			children = (
				7AD283D023EBA3F700893CC9 /* FriendProfileController.h */,
				7AD283D123EBA3F700893CC9 /* FriendProfileController.m */,
				7AD283EE23EE5D0F00893CC9 /* GroupProfileController.h */,
				7AD283EF23EE5D0F00893CC9 /* GroupProfileController.m */,
			);
			path = information;
			sourceTree = "<group>";
		};
		7AF9B54623CB4C4300EDB8F2 /* TUIKit */ = {
			isa = PBXGroup;
			children = (
				7A0DFB9C23F011300055A5A9 /* NSDate+TUIKIT.h */,
				7A0DFB9B23F011300055A5A9 /* NSDate+TUIKIT.m */,
				7A443CD323E074B300C4D740 /* TNaviBarIndicatorView.h */,
				7A443CD423E074B300C4D740 /* TNaviBarIndicatorView.m */,
			);
			path = TUIKit;
			sourceTree = "<group>";
		};
		7AF9B54723CB54F900EDB8F2 /* DUIKit */ = {
			isa = PBXGroup;
			children = (
				7AF23DA523DEF03800C0D8DA /* DCommon.h */,
				7AF23DA623DEF03800C0D8DA /* DCommon.m */,
				7AB4DA4D23E5786C0087E1E6 /* DContactListViewModel.h */,
				7AB4DA4E23E5786C0087E1E6 /* DContactListViewModel.m */,
				7AF23D9F23DEEB4700C0D8DA /* DConversationListViewModel.h */,
				7AF23DA023DEEB4700C0D8DA /* DConversationListViewModel.m */,
				7AD283C923EAC5CB00893CC9 /* DFriendProfileControllerServiceProtocol.h */,
				7AD283F223EE5DBA00893CC9 /* DGroupProfileControllerServiceProtocol.h */,
				7AF9B54B23CB5F0F00EDB8F2 /* DHeader.h */,
				7AD283C223EA997700893CC9 /* DServiceManager.h */,
				7AD283C323EA997700893CC9 /* DServiceManager.m */,
				7AD283C523EABF4000893CC9 /* DServiceProtocol.h */,
				7AF9B54C23CB66DA00EDB8F2 /* DUIButtonCell.h */,
				7AF9B54D23CB66DA00EDB8F2 /* DUIButtonCell.m */,
				7AD283D923ED6CB800893CC9 /* DUIChatController.h */,
				7AD283DA23ED6CB800893CC9 /* DUIChatController.m */,
				7AF9B54823CB55C900EDB8F2 /* DUICommonCell.h */,
				7AF9B54923CB55C900EDB8F2 /* DUICommonCell.m */,
				7AB4DA5323E588040087E1E6 /* DUIContactActionCell.h */,
				7AB4DA5423E588040087E1E6 /* DUIContactActionCell.m */,
				7AB4DA5023E578E90087E1E6 /* DUIContactCell.h */,
				7AB4DA5123E578E90087E1E6 /* DUIContactCell.m */,
				7AB4DA4A23E577F70087E1E6 /* DUIContactListController.h */,
				7AB4DA4B23E577F70087E1E6 /* DUIContactListController.m */,
				7AF23DA223DEED4400C0D8DA /* DUIConversationCell.h */,
				7AF23DA323DEED4400C0D8DA /* DUIConversationCell.m */,
				7AF23D9C23DEE5ED00C0D8DA /* DUIConversationListController.h */,
				7AF23D9D23DEE5ED00C0D8DA /* DUIConversationListController.m */,
				7AD283CA23EADA2200893CC9 /* DUIGroupListController.h */,
				7AD283CB23EADA2300893CC9 /* DUIGroupListController.m */,
				7A0DFB9223EE670B0055A5A9 /* DUIGroupMemberCell.h */,
				7A0DFB9323EE670B0055A5A9 /* DUIGroupMemberCell.m */,
				7AD283E523ED7C7200893CC9 /* DUIMessageCell.h */,
				7AD283E623ED7C7200893CC9 /* DUIMessageCell.m */,
				7AD283EB23ED807E00893CC9 /* DUIMessageCellLayout.h */,
				7AD283EC23ED807E00893CC9 /* DUIMessageCellLayout.m */,
				7A443CD023E05A5E00C4D740 /* DUINavigationIndicatorView.h */,
				7A443CD123E05A5E00C4D740 /* DUINavigationIndicatorView.m */,
				7A443CD623E29D7C00C4D740 /* DUIPopView.h */,
				7A443CD723E29D7C00C4D740 /* DUIPopView.m */,
				7AF23D9923DD8FA400C0D8DA /* DUIProfileCardCell.h */,
				7AF23D9A23DD8FA400C0D8DA /* DUIProfileCardCell.m */,
				7AD283D623EBAA2200893CC9 /* DUISwitchCell.h */,
				7AD283D723EBAA2200893CC9 /* DUISwitchCell.m */,
				37C814D523CBFD19009564AA /* DUITestTextCell.h */,
				37C814D623CBFD19009564AA /* DUITestTextCell.m */,
				7AD283D323EBA9D200893CC9 /* DUITextCell.h */,
				7AD283D423EBA9D200893CC9 /* DUITextCell.m */,
				7AF23DA823DEFD1D00C0D8DA /* DUIUnreadView.h */,
				7AF23DA923DEFD1D00C0D8DA /* DUIUnreadView.m */,
				3728CE9023C317E700737362 /* MMLayout */,
				7A0DFB9523EFB58A0055A5A9 /* DUIMessageController.h */,
				7A0DFB9623EFB58A0055A5A9 /* DUIMessageController.m */,
				7A0DFB9823EFB5AB0055A5A9 /* DUIInputController.h */,
				7A0DFB9923EFB5AB0055A5A9 /* DUIInputController.m */,
				7A0DFB9E23F01D510055A5A9 /* DIMMessage.h */,
				7A0DFB9F23F01D510055A5A9 /* DIMMessage.m */,
				7A0DFBA123F01F770055A5A9 /* DIMConversation.h */,
				7A0DFBA223F01F770055A5A9 /* DIMConversation.m */,
			);
			path = DUIKit;
			sourceTree = "<group>";
		};
/* End PBXGroup section */

/* Begin PBXNativeTarget section */
		3728CE7023C3159600737362 /* ImSdkDemo */ = {
			isa = PBXNativeTarget;
			buildConfigurationList = 3728CE8723C3159B00737362 /* Build configuration list for PBXNativeTarget "ImSdkDemo" */;
			buildPhases = (
				3728CE6D23C3159600737362 /* Sources */,
				3728CE6E23C3159600737362 /* Frameworks */,
				3728CE6F23C3159600737362 /* Resources */,
			);
			buildRules = (
			);
			dependencies = (
			);
			name = ImSdkDemo;
			productName = ImSdkDemo;
			productReference = 3728CE7123C3159600737362 /* ImSdkDemo.app */;
			productType = "com.apple.product-type.application";
		};
/* End PBXNativeTarget section */

/* Begin PBXProject section */
		3728CE6923C3159600737362 /* Project object */ = {
			isa = PBXProject;
			attributes = {
				LastUpgradeCheck = 1010;
				ORGANIZATIONNAME = yu.zuo;
				TargetAttributes = {
					3728CE7023C3159600737362 = {
						CreatedOnToolsVersion = 10.1;
					};
				};
			};
			buildConfigurationList = 3728CE6C23C3159600737362 /* Build configuration list for PBXProject "ImSdkDemo" */;
			compatibilityVersion = "Xcode 9.3";
			developmentRegion = en;
			hasScannedForEncodings = 0;
			knownRegions = (
				en,
				Base,
			);
			mainGroup = 3728CE6823C3159500737362;
			productRefGroup = 3728CE7223C3159600737362 /* Products */;
			projectDirPath = "";
			projectRoot = "";
			targets = (
				3728CE7023C3159600737362 /* ImSdkDemo */,
			);
		};
/* End PBXProject section */

/* Begin PBXResourcesBuildPhase section */
		3728CE6F23C3159600737362 /* Resources */ = {
			isa = PBXResourcesBuildPhase;
			buildActionMask = 2147483647;
			files = (
				3728CE9423C317E700737362 /* README.md in Resources */,
				3728CE8123C3159B00737362 /* LaunchScreen.storyboard in Resources */,
				3728CE7E23C3159B00737362 /* Assets.xcassets in Resources */,
				3728CE7C23C3159600737362 /* Main.storyboard in Resources */,
				3728CE8D23C317CA00737362 /* TUIKitResource.bundle in Resources */,
				3728CE8E23C317CA00737362 /* TUIKitFace.bundle in Resources */,
			);
			runOnlyForDeploymentPostprocessing = 0;
		};
/* End PBXResourcesBuildPhase section */

/* Begin PBXSourcesBuildPhase section */
		3728CE6D23C3159600737362 /* Sources */ = {
			isa = PBXSourcesBuildPhase;
			buildActionMask = 2147483647;
			files = (
				3728CEA623C3194D00737362 /* SettingController.m in Sources */,
				7AD283D223EBA3F700893CC9 /* FriendProfileController.m in Sources */,
				7A0DFB9423EE670B0055A5A9 /* DUIGroupMemberCell.m in Sources */,
				7A443CD523E074B400C4D740 /* TNaviBarIndicatorView.m in Sources */,
				7AF9B54A23CB55C900EDB8F2 /* DUICommonCell.m in Sources */,
				7A0DFB9723EFB58A0055A5A9 /* DUIMessageController.m in Sources */,
				7AF23D9B23DD8FA400C0D8DA /* DUIProfileCardCell.m in Sources */,
				7AD283DB23ED6CB800893CC9 /* DUIChatController.m in Sources */,
				7A443CD823E29D7C00C4D740 /* DUIPopView.m in Sources */,
				7AD283D823EBAA2200893CC9 /* DUISwitchCell.m in Sources */,
				7AD283D523EBA9D200893CC9 /* DUITextCell.m in Sources */,
				7AD283F023EE5D0F00893CC9 /* GroupProfileController.m in Sources */,
				3728CEA323C3193F00737362 /* LoginController.m in Sources */,
				3728CE9523C317E700737362 /* UIView+MMLayout.m in Sources */,
				7AF23DA123DEEB4700C0D8DA /* DConversationListViewModel.m in Sources */,
				7A0DFB9A23EFB5AB0055A5A9 /* DUIInputController.m in Sources */,
				7AF23DA723DEF03800C0D8DA /* DCommon.m in Sources */,
				7A0DFBA323F01F770055A5A9 /* DIMConversation.m in Sources */,
				7AB4DA5223E578E90087E1E6 /* DUIContactCell.m in Sources */,
				7AF23D9E23DEE5ED00C0D8DA /* DUIConversationListController.m in Sources */,
				7AD283E423ED794900893CC9 /* ChatController.m in Sources */,
				3728CE9D23C3192200737362 /* ContactController.m in Sources */,
				7AD283E723ED7C7200893CC9 /* DUIMessageCell.m in Sources */,
				7A0DFBA023F01D510055A5A9 /* DIMMessage.m in Sources */,
				7AB4DA4F23E5786C0087E1E6 /* DContactListViewModel.m in Sources */,
				3728CE7923C3159600737362 /* ViewController.m in Sources */,
				7AD283ED23ED807E00893CC9 /* DUIMessageCellLayout.m in Sources */,
				3728CE8423C3159B00737362 /* main.m in Sources */,
				37C814D723CBFD19009564AA /* DUITestTextCell.m in Sources */,
				3728CEAD23C320F800737362 /* Common.m in Sources */,
				7AF9B54E23CB66DA00EDB8F2 /* DUIButtonCell.m in Sources */,
				7A0DFB9D23F011300055A5A9 /* NSDate+TUIKIT.m in Sources */,
				7AD283CC23EADA2300893CC9 /* DUIGroupListController.m in Sources */,
				7AF23DAA23DEFD1D00C0D8DA /* DUIUnreadView.m in Sources */,
				7A443CD223E05A5E00C4D740 /* DUINavigationIndicatorView.m in Sources */,
				7AF23DA423DEED4400C0D8DA /* DUIConversationCell.m in Sources */,
				7AB4DA4C23E577F70087E1E6 /* DUIContactListController.m in Sources */,
				7AD283C423EA997700893CC9 /* DServiceManager.m in Sources */,
				7AB4DA5523E588040087E1E6 /* DUIContactActionCell.m in Sources */,
				3728CEA023C3193100737362 /* ConversationController.m in Sources */,
				3728CE7623C3159600737362 /* AppDelegate.m in Sources */,
			);
			runOnlyForDeploymentPostprocessing = 0;
		};
/* End PBXSourcesBuildPhase section */

/* Begin PBXVariantGroup section */
		3728CE7A23C3159600737362 /* Main.storyboard */ = {
			isa = PBXVariantGroup;
			children = (
				3728CE7B23C3159600737362 /* Base */,
			);
			name = Main.storyboard;
			sourceTree = "<group>";
		};
		3728CE7F23C3159B00737362 /* LaunchScreen.storyboard */ = {
			isa = PBXVariantGroup;
			children = (
				3728CE8023C3159B00737362 /* Base */,
			);
			name = LaunchScreen.storyboard;
			sourceTree = "<group>";
		};
/* End PBXVariantGroup section */

/* Begin XCBuildConfiguration section */
		3728CE8523C3159B00737362 /* Debug */ = {
			isa = XCBuildConfiguration;
			buildSettings = {
				ALWAYS_SEARCH_USER_PATHS = NO;
				CLANG_ANALYZER_NONNULL = YES;
				CLANG_ANALYZER_NUMBER_OBJECT_CONVERSION = YES_AGGRESSIVE;
				CLANG_CXX_LANGUAGE_STANDARD = "gnu++14";
				CLANG_CXX_LIBRARY = "libc++";
				CLANG_ENABLE_MODULES = YES;
				CLANG_ENABLE_OBJC_ARC = YES;
				CLANG_ENABLE_OBJC_WEAK = YES;
				CLANG_WARN_BLOCK_CAPTURE_AUTORELEASING = YES;
				CLANG_WARN_BOOL_CONVERSION = YES;
				CLANG_WARN_COMMA = YES;
				CLANG_WARN_CONSTANT_CONVERSION = YES;
				CLANG_WARN_DEPRECATED_OBJC_IMPLEMENTATIONS = YES;
				CLANG_WARN_DIRECT_OBJC_ISA_USAGE = YES_ERROR;
				CLANG_WARN_DOCUMENTATION_COMMENTS = YES;
				CLANG_WARN_EMPTY_BODY = YES;
				CLANG_WARN_ENUM_CONVERSION = YES;
				CLANG_WARN_INFINITE_RECURSION = YES;
				CLANG_WARN_INT_CONVERSION = YES;
				CLANG_WARN_NON_LITERAL_NULL_CONVERSION = YES;
				CLANG_WARN_OBJC_IMPLICIT_RETAIN_SELF = YES;
				CLANG_WARN_OBJC_LITERAL_CONVERSION = YES;
				CLANG_WARN_OBJC_ROOT_CLASS = YES_ERROR;
				CLANG_WARN_RANGE_LOOP_ANALYSIS = YES;
				CLANG_WARN_STRICT_PROTOTYPES = YES;
				CLANG_WARN_SUSPICIOUS_MOVE = YES;
				CLANG_WARN_UNGUARDED_AVAILABILITY = YES_AGGRESSIVE;
				CLANG_WARN_UNREACHABLE_CODE = YES;
				CLANG_WARN__DUPLICATE_METHOD_MATCH = YES;
				CODE_SIGN_IDENTITY = "iPhone Developer";
				COPY_PHASE_STRIP = NO;
				DEBUG_INFORMATION_FORMAT = dwarf;
				ENABLE_STRICT_OBJC_MSGSEND = YES;
				ENABLE_TESTABILITY = YES;
				GCC_C_LANGUAGE_STANDARD = gnu11;
				GCC_DYNAMIC_NO_PIC = NO;
				GCC_NO_COMMON_BLOCKS = YES;
				GCC_OPTIMIZATION_LEVEL = 0;
				GCC_PREPROCESSOR_DEFINITIONS = (
					"DEBUG=1",
					"$(inherited)",
				);
				GCC_WARN_64_TO_32_BIT_CONVERSION = YES;
				GCC_WARN_ABOUT_RETURN_TYPE = YES_ERROR;
				GCC_WARN_UNDECLARED_SELECTOR = YES;
				GCC_WARN_UNINITIALIZED_AUTOS = YES_AGGRESSIVE;
				GCC_WARN_UNUSED_FUNCTION = YES;
				GCC_WARN_UNUSED_VARIABLE = YES;
				IPHONEOS_DEPLOYMENT_TARGET = 12.1;
				MTL_ENABLE_DEBUG_INFO = INCLUDE_SOURCE;
				MTL_FAST_MATH = YES;
				ONLY_ACTIVE_ARCH = YES;
				SDKROOT = iphoneos;
			};
			name = Debug;
		};
		3728CE8623C3159B00737362 /* Release */ = {
			isa = XCBuildConfiguration;
			buildSettings = {
				ALWAYS_SEARCH_USER_PATHS = NO;
				CLANG_ANALYZER_NONNULL = YES;
				CLANG_ANALYZER_NUMBER_OBJECT_CONVERSION = YES_AGGRESSIVE;
				CLANG_CXX_LANGUAGE_STANDARD = "gnu++14";
				CLANG_CXX_LIBRARY = "libc++";
				CLANG_ENABLE_MODULES = YES;
				CLANG_ENABLE_OBJC_ARC = YES;
				CLANG_ENABLE_OBJC_WEAK = YES;
				CLANG_WARN_BLOCK_CAPTURE_AUTORELEASING = YES;
				CLANG_WARN_BOOL_CONVERSION = YES;
				CLANG_WARN_COMMA = YES;
				CLANG_WARN_CONSTANT_CONVERSION = YES;
				CLANG_WARN_DEPRECATED_OBJC_IMPLEMENTATIONS = YES;
				CLANG_WARN_DIRECT_OBJC_ISA_USAGE = YES_ERROR;
				CLANG_WARN_DOCUMENTATION_COMMENTS = YES;
				CLANG_WARN_EMPTY_BODY = YES;
				CLANG_WARN_ENUM_CONVERSION = YES;
				CLANG_WARN_INFINITE_RECURSION = YES;
				CLANG_WARN_INT_CONVERSION = YES;
				CLANG_WARN_NON_LITERAL_NULL_CONVERSION = YES;
				CLANG_WARN_OBJC_IMPLICIT_RETAIN_SELF = YES;
				CLANG_WARN_OBJC_LITERAL_CONVERSION = YES;
				CLANG_WARN_OBJC_ROOT_CLASS = YES_ERROR;
				CLANG_WARN_RANGE_LOOP_ANALYSIS = YES;
				CLANG_WARN_STRICT_PROTOTYPES = YES;
				CLANG_WARN_SUSPICIOUS_MOVE = YES;
				CLANG_WARN_UNGUARDED_AVAILABILITY = YES_AGGRESSIVE;
				CLANG_WARN_UNREACHABLE_CODE = YES;
				CLANG_WARN__DUPLICATE_METHOD_MATCH = YES;
				CODE_SIGN_IDENTITY = "iPhone Developer";
				COPY_PHASE_STRIP = NO;
				DEBUG_INFORMATION_FORMAT = "dwarf-with-dsym";
				ENABLE_NS_ASSERTIONS = NO;
				ENABLE_STRICT_OBJC_MSGSEND = YES;
				GCC_C_LANGUAGE_STANDARD = gnu11;
				GCC_NO_COMMON_BLOCKS = YES;
				GCC_WARN_64_TO_32_BIT_CONVERSION = YES;
				GCC_WARN_ABOUT_RETURN_TYPE = YES_ERROR;
				GCC_WARN_UNDECLARED_SELECTOR = YES;
				GCC_WARN_UNINITIALIZED_AUTOS = YES_AGGRESSIVE;
				GCC_WARN_UNUSED_FUNCTION = YES;
				GCC_WARN_UNUSED_VARIABLE = YES;
				IPHONEOS_DEPLOYMENT_TARGET = 12.1;
				MTL_ENABLE_DEBUG_INFO = NO;
				MTL_FAST_MATH = YES;
				SDKROOT = iphoneos;
				VALIDATE_PRODUCT = YES;
			};
			name = Release;
		};
		3728CE8823C3159B00737362 /* Debug */ = {
			isa = XCBuildConfiguration;
			buildSettings = {
				ASSETCATALOG_COMPILER_APPICON_NAME = AppIcon;
				CODE_SIGN_STYLE = Manual;
				DEVELOPMENT_TEAM = 2HDFPA9KJF;
				HEADER_SEARCH_PATHS = (
					"\"$(SRCROOT)/Thirds\"",
					"\"$(SRCROOT)/Resources\"",
					"\"$(SRCROOT)/ImSdkDemo\"",
				);
				INFOPLIST_FILE = ImSdkDemo/Info.plist;
				LD_RUNPATH_SEARCH_PATHS = (
					"$(inherited)",
					"@executable_path/Frameworks",
				);
				PRODUCT_BUNDLE_IDENTIFIER = com.citylife.ios.ImSdkDemo;
				PRODUCT_NAME = "$(TARGET_NAME)";
				PROVISIONING_PROFILE_SPECIFIER = "iOS Free Development";
				TARGETED_DEVICE_FAMILY = "1,2";
			};
			name = Debug;
		};
		3728CE8923C3159B00737362 /* Release */ = {
			isa = XCBuildConfiguration;
			buildSettings = {
				ASSETCATALOG_COMPILER_APPICON_NAME = AppIcon;
				CODE_SIGN_STYLE = Manual;
				DEVELOPMENT_TEAM = 2HDFPA9KJF;
				HEADER_SEARCH_PATHS = (
					"\"$(SRCROOT)/Thirds\"",
					"\"$(SRCROOT)/Resources\"",
					"\"$(SRCROOT)/ImSdkDemo\"",
				);
				INFOPLIST_FILE = ImSdkDemo/Info.plist;
				LD_RUNPATH_SEARCH_PATHS = (
					"$(inherited)",
					"@executable_path/Frameworks",
				);
				PRODUCT_BUNDLE_IDENTIFIER = com.citylife.ios.ImSdkDemo;
				PRODUCT_NAME = "$(TARGET_NAME)";
				PROVISIONING_PROFILE_SPECIFIER = "iOS Free Development";
				TARGETED_DEVICE_FAMILY = "1,2";
			};
			name = Release;
		};
/* End XCBuildConfiguration section */

/* Begin XCConfigurationList section */
		3728CE6C23C3159600737362 /* Build configuration list for PBXProject "ImSdkDemo" */ = {
			isa = XCConfigurationList;
			buildConfigurations = (
				3728CE8523C3159B00737362 /* Debug */,
				3728CE8623C3159B00737362 /* Release */,
			);
			defaultConfigurationIsVisible = 0;
			defaultConfigurationName = Release;
		};
		3728CE8723C3159B00737362 /* Build configuration list for PBXNativeTarget "ImSdkDemo" */ = {
			isa = XCConfigurationList;
			buildConfigurations = (
				3728CE8823C3159B00737362 /* Debug */,
				3728CE8923C3159B00737362 /* Release */,
			);
			defaultConfigurationIsVisible = 0;
			defaultConfigurationName = Release;
		};
/* End XCConfigurationList section */
	};
	rootObject = 3728CE6923C3159600737362 /* Project object */;
}
